{
  "name": "MyCodemaster",
  "lockfileVersion": 3,
  "requires": true,
  "packages": {
    "": {
      "dependencies": {
        "helpers": "^0.0.6"
      },
      "devDependencies": {
        "@faker-js/faker": "^8.3.1"
      }
    },
    "node_modules/@faker-js/faker": {
      "version": "8.3.1",
      "resolved": "https://registry.npmjs.org/@faker-js/faker/-/faker-8.3.1.tgz",
      "integrity": "sha512-FdgpFxY6V6rLZE9mmIBb9hM0xpfvQOSNOLnzolzKwsE1DH+gC7lEKV1p1IbR0lAYyvYd5a4u3qWJzowUkw1bIw==",
      "dev": true,
      "funding": [
        {
          "type": "opencollective",
          "url": "https://opencollective.com/fakerjs"
        }
      ],
      "engines": {
        "node": "^14.17.0 || ^16.13.0 || >=18.0.0",
        "npm": ">=6.14.13"
      }
    },
    "node_modules/helpers": {
      "version": "0.0.6",
      "resolved": "https://registry.npmjs.org/helpers/-/helpers-0.0.6.tgz",
      "integrity": "sha512-oi7CoWXnvnqmdiofPw5XG9ePBKr0w9TqBkS97a2/yvfRLInWb250XbKqvGJ5rQchn2fielYGY9cMAXGweWjCxg=="
    }
  }
}
