{
  "name": "oop",
  "version": "1.0.0",
  "lockfileVersion": 3,
  "requires": true,
  "packages": {
    "": {
      "name": "oop",
      "version": "1.0.0",
      "license": "ISC",
      "dependencies": {
        "helpers": "^0.0.6"
      }
    },
    "node_modules/helpers": {
      "version": "0.0.6",
      "resolved": "https://registry.npmjs.org/helpers/-/helpers-0.0.6.tgz",
      "integrity": "sha512-oi7CoWXnvnqmdiofPw5XG9ePBKr0w9TqBkS97a2/yvfRLInWb250XbKqvGJ5rQchn2fielYGY9cMAXGweWjCxg=="
    }
  }
}
